// !$*UTF8*$!
{
	archiveVersion = 1;
	classes = {
	};
	objectVersion = 56;
	objects = {

/* Begin PBXBuildFile section */
		CF0D87672ABDDACF00F1C217 /* UserDetailModel.swift in Sources */ = {isa = PBXBuildFile; fileRef = CF0D87662ABDDACF00F1C217 /* UserDetailModel.swift */; };
		CF0D87692ABDE0CB00F1C217 /* DetailViewModel.swift in Sources */ = {isa = PBXBuildFile; fileRef = CF0D87682ABDE0CB00F1C217 /* DetailViewModel.swift */; };
		CF115C162AD22E19009591D0 /* GithubServices.swift in Sources */ = {isa = PBXBuildFile; fileRef = CF115C152AD22E19009591D0 /* GithubServices.swift */; };
		CF1EED982A45472800DAABB7 /* WebProfileView.swift in Sources */ = {isa = PBXBuildFile; fileRef = CF1EED972A45472800DAABB7 /* WebProfileView.swift */; };
		CF1EED9A2A454CD100DAABB7 /* WebView.swift in Sources */ = {isa = PBXBuildFile; fileRef = CF1EED992A454CD100DAABB7 /* WebView.swift */; };
		CF3012692AC296E400FE8BDF /* UserInfo.swift in Sources */ = {isa = PBXBuildFile; fileRef = CF3012682AC296E400FE8BDF /* UserInfo.swift */; };
		CF30126C2AC31F7500FE8BDF /* Favorites.swift in Sources */ = {isa = PBXBuildFile; fileRef = CF30126B2AC31F7500FE8BDF /* Favorites.swift */; };
		CF8DEFC52B73DD600053930C /* CalculatorView.swift in Sources */ = {isa = PBXBuildFile; fileRef = CF8DEFC42B73DD600053930C /* CalculatorView.swift */; };
		CF8DEFCD2B73F2460053930C /* GithubUsersTests.swift in Sources */ = {isa = PBXBuildFile; fileRef = CF8DEFCC2B73F2460053930C /* GithubUsersTests.swift */; };
		CF8DEFD42B73F8F20053930C /* CalculationTests.swift in Sources */ = {isa = PBXBuildFile; fileRef = CF8DEFD32B73F8F20053930C /* CalculationTests.swift */; };
		CF8E35662A34DD61006EAAD0 /* GithubUsersApp.swift in Sources */ = {isa = PBXBuildFile; fileRef = CF8E35652A34DD61006EAAD0 /* GithubUsersApp.swift */; };
		CF8E35682A34DD61006EAAD0 /* MainView.swift in Sources */ = {isa = PBXBuildFile; fileRef = CF8E35672A34DD61006EAAD0 /* MainView.swift */; };
		CF8E356A2A34DD62006EAAD0 /* Assets.xcassets in Resources */ = {isa = PBXBuildFile; fileRef = CF8E35692A34DD62006EAAD0 /* Assets.xcassets */; };
		CF8E356D2A34DD62006EAAD0 /* Preview Assets.xcassets in Resources */ = {isa = PBXBuildFile; fileRef = CF8E356C2A34DD62006EAAD0 /* Preview Assets.xcassets */; };
		CF8E35792A34F17A006EAAD0 /* User.swift in Sources */ = {isa = PBXBuildFile; fileRef = CF8E35782A34F17A006EAAD0 /* User.swift */; };
		CF8E357B2A34F518006EAAD0 /* MainViewModel.swift in Sources */ = {isa = PBXBuildFile; fileRef = CF8E357A2A34F518006EAAD0 /* MainViewModel.swift */; };
		CF8E357E2A355E81006EAAD0 /* ProfileRow.swift in Sources */ = {isa = PBXBuildFile; fileRef = CF8E357D2A355E81006EAAD0 /* ProfileRow.swift */; };
		CF8E35802A356CA2006EAAD0 /* CustomError.swift in Sources */ = {isa = PBXBuildFile; fileRef = CF8E357F2A356CA2006EAAD0 /* CustomError.swift */; };
		CF976A1E2AC21A8800B5914C /* ProfileDetailView.swift in Sources */ = {isa = PBXBuildFile; fileRef = CF976A1D2AC21A8800B5914C /* ProfileDetailView.swift */; };
		CFA99A632A42491100F65070 /* CircleImage.swift in Sources */ = {isa = PBXBuildFile; fileRef = CFA99A622A42491100F65070 /* CircleImage.swift */; };
		CFFFA0152AEDFE740065E49C /* CustomSearchBar.swift in Sources */ = {isa = PBXBuildFile; fileRef = CFFFA0142AEDFE740065E49C /* CustomSearchBar.swift */; };
/* End PBXBuildFile section */

/* Begin PBXContainerItemProxy section */
		CF8DEFCE2B73F2460053930C /* PBXContainerItemProxy */ = {
			isa = PBXContainerItemProxy;
			containerPortal = CF8E355A2A34DD61006EAAD0 /* Project object */;
			proxyType = 1;
			remoteGlobalIDString = CF8E35612A34DD61006EAAD0;
			remoteInfo = GithubUsers;
		};
/* End PBXContainerItemProxy section */

/* Begin PBXFileReference section */
		CF0D87662ABDDACF00F1C217 /* UserDetailModel.swift */ = {isa = PBXFileReference; lastKnownFileType = sourcecode.swift; path = UserDetailModel.swift; sourceTree = "<group>"; };
		CF0D87682ABDE0CB00F1C217 /* DetailViewModel.swift */ = {isa = PBXFileReference; lastKnownFileType = sourcecode.swift; path = DetailViewModel.swift; sourceTree = "<group>"; };
		CF115C152AD22E19009591D0 /* GithubServices.swift */ = {isa = PBXFileReference; lastKnownFileType = sourcecode.swift; path = GithubServices.swift; sourceTree = "<group>"; };
		CF1EED972A45472800DAABB7 /* WebProfileView.swift */ = {isa = PBXFileReference; lastKnownFileType = sourcecode.swift; name = WebProfileView.swift; path = GithubUsers/View/Helpers/WebProfileView.swift; sourceTree = SOURCE_ROOT; };
		CF1EED992A454CD100DAABB7 /* WebView.swift */ = {isa = PBXFileReference; lastKnownFileType = sourcecode.swift; path = WebView.swift; sourceTree = "<group>"; };
		CF3012682AC296E400FE8BDF /* UserInfo.swift */ = {isa = PBXFileReference; lastKnownFileType = sourcecode.swift; path = UserInfo.swift; sourceTree = "<group>"; };
		CF30126B2AC31F7500FE8BDF /* Favorites.swift */ = {isa = PBXFileReference; lastKnownFileType = sourcecode.swift; path = Favorites.swift; sourceTree = "<group>"; };
		CF8DEFC42B73DD600053930C /* CalculatorView.swift */ = {isa = PBXFileReference; lastKnownFileType = sourcecode.swift; path = CalculatorView.swift; sourceTree = "<group>"; };
		CF8DEFCA2B73F2460053930C /* GithubUsersTests.xctest */ = {isa = PBXFileReference; explicitFileType = wrapper.cfbundle; includeInIndex = 0; path = GithubUsersTests.xctest; sourceTree = BUILT_PRODUCTS_DIR; };
		CF8DEFCC2B73F2460053930C /* GithubUsersTests.swift */ = {isa = PBXFileReference; lastKnownFileType = sourcecode.swift; path = GithubUsersTests.swift; sourceTree = "<group>"; };
		CF8DEFD32B73F8F20053930C /* CalculationTests.swift */ = {isa = PBXFileReference; lastKnownFileType = sourcecode.swift; path = CalculationTests.swift; sourceTree = "<group>"; };
		CF8E35622A34DD61006EAAD0 /* GithubUsers.app */ = {isa = PBXFileReference; explicitFileType = wrapper.application; includeInIndex = 0; path = GithubUsers.app; sourceTree = BUILT_PRODUCTS_DIR; };
		CF8E35652A34DD61006EAAD0 /* GithubUsersApp.swift */ = {isa = PBXFileReference; lastKnownFileType = sourcecode.swift; path = GithubUsersApp.swift; sourceTree = "<group>"; };
		CF8E35672A34DD61006EAAD0 /* MainView.swift */ = {isa = PBXFileReference; lastKnownFileType = sourcecode.swift; path = MainView.swift; sourceTree = "<group>"; };
		CF8E35692A34DD62006EAAD0 /* Assets.xcassets */ = {isa = PBXFileReference; lastKnownFileType = folder.assetcatalog; path = Assets.xcassets; sourceTree = "<group>"; };
		CF8E356C2A34DD62006EAAD0 /* Preview Assets.xcassets */ = {isa = PBXFileReference; lastKnownFileType = folder.assetcatalog; path = "Preview Assets.xcassets"; sourceTree = "<group>"; };
		CF8E35782A34F17A006EAAD0 /* User.swift */ = {isa = PBXFileReference; lastKnownFileType = sourcecode.swift; path = User.swift; sourceTree = "<group>"; };
		CF8E357A2A34F518006EAAD0 /* MainViewModel.swift */ = {isa = PBXFileReference; lastKnownFileType = sourcecode.swift; path = MainViewModel.swift; sourceTree = "<group>"; };
		CF8E357D2A355E81006EAAD0 /* ProfileRow.swift */ = {isa = PBXFileReference; lastKnownFileType = sourcecode.swift; path = ProfileRow.swift; sourceTree = "<group>"; };
		CF8E357F2A356CA2006EAAD0 /* CustomError.swift */ = {isa = PBXFileReference; lastKnownFileType = sourcecode.swift; path = CustomError.swift; sourceTree = "<group>"; };
		CF976A1D2AC21A8800B5914C /* ProfileDetailView.swift */ = {isa = PBXFileReference; lastKnownFileType = sourcecode.swift; path = ProfileDetailView.swift; sourceTree = "<group>"; };
		CFA99A622A42491100F65070 /* CircleImage.swift */ = {isa = PBXFileReference; lastKnownFileType = sourcecode.swift; path = CircleImage.swift; sourceTree = "<group>"; };
		CFFFA0142AEDFE740065E49C /* CustomSearchBar.swift */ = {isa = PBXFileReference; lastKnownFileType = sourcecode.swift; path = CustomSearchBar.swift; sourceTree = "<group>"; };
/* End PBXFileReference section */

/* Begin PBXFrameworksBuildPhase section */
		CF8DEFC72B73F2460053930C /* Frameworks */ = {
			isa = PBXFrameworksBuildPhase;
			buildActionMask = 2147483647;
			files = (
			);
			runOnlyForDeploymentPostprocessing = 0;
		};
		CF8E355F2A34DD61006EAAD0 /* Frameworks */ = {
			isa = PBXFrameworksBuildPhase;
			buildActionMask = 2147483647;
			files = (
			);
			runOnlyForDeploymentPostprocessing = 0;
		};
/* End PBXFrameworksBuildPhase section */

/* Begin PBXGroup section */
		CF0D87622ABDDA7E00F1C217 /* UserDetail */ = {
			isa = PBXGroup;
			children = (
				CF0D87652ABDDAA600F1C217 /* View */,
				CF0D87642ABDDA9F00F1C217 /* ViewModel */,
				CF0D87632ABDDA9700F1C217 /* Model */,
			);
			path = UserDetail;
			sourceTree = "<group>";
		};
		CF0D87632ABDDA9700F1C217 /* Model */ = {
			isa = PBXGroup;
			children = (
				CF0D87662ABDDACF00F1C217 /* UserDetailModel.swift */,
			);
			path = Model;
			sourceTree = "<group>";
		};
		CF0D87642ABDDA9F00F1C217 /* ViewModel */ = {
			isa = PBXGroup;
			children = (
				CF0D87682ABDE0CB00F1C217 /* DetailViewModel.swift */,
			);
			path = ViewModel;
			sourceTree = "<group>";
		};
		CF0D87652ABDDAA600F1C217 /* View */ = {
			isa = PBXGroup;
			children = (
				CF30126A2AC2971600FE8BDF /* Components */,
				CF976A1D2AC21A8800B5914C /* ProfileDetailView.swift */,
			);
			path = View;
			sourceTree = "<group>";
		};
		CF115C142AD22DED009591D0 /* Services */ = {
			isa = PBXGroup;
			children = (
				CF115C152AD22E19009591D0 /* GithubServices.swift */,
			);
			path = Services;
			sourceTree = "<group>";
		};
		CF30126A2AC2971600FE8BDF /* Components */ = {
			isa = PBXGroup;
			children = (
				CF3012682AC296E400FE8BDF /* UserInfo.swift */,
			);
			path = Components;
			sourceTree = "<group>";
		};
		CF8DEFCB2B73F2460053930C /* GithubUsersTests */ = {
			isa = PBXGroup;
			children = (
				CF8DEFCC2B73F2460053930C /* GithubUsersTests.swift */,
				CF8DEFD32B73F8F20053930C /* CalculationTests.swift */,
			);
			path = GithubUsersTests;
			sourceTree = "<group>";
		};
		CF8E35592A34DD61006EAAD0 = {
			isa = PBXGroup;
			children = (
				CF8E35642A34DD61006EAAD0 /* GithubUsers */,
				CF8DEFCB2B73F2460053930C /* GithubUsersTests */,
				CF8E35632A34DD61006EAAD0 /* Products */,
			);
			sourceTree = "<group>";
		};
		CF8E35632A34DD61006EAAD0 /* Products */ = {
			isa = PBXGroup;
			children = (
				CF8E35622A34DD61006EAAD0 /* GithubUsers.app */,
				CF8DEFCA2B73F2460053930C /* GithubUsersTests.xctest */,
			);
			name = Products;
			sourceTree = "<group>";
		};
		CF8E35642A34DD61006EAAD0 /* GithubUsers */ = {
			isa = PBXGroup;
			children = (
				CF115C142AD22DED009591D0 /* Services */,
				CF0D87622ABDDA7E00F1C217 /* UserDetail */,
				CF8E35732A34DF94006EAAD0 /* App */,
				CF8E35752A34DFB3006EAAD0 /* Model */,
				CF8E35772A34DFCA006EAAD0 /* View */,
				CF8E35762A34DFBD006EAAD0 /* ViewModel */,
				CF8E35692A34DD62006EAAD0 /* Assets.xcassets */,
				CF8E356B2A34DD62006EAAD0 /* Preview Content */,
				CF30126B2AC31F7500FE8BDF /* Favorites.swift */,
				CFFFA0142AEDFE740065E49C /* CustomSearchBar.swift */,
				CF8DEFC42B73DD600053930C /* CalculatorView.swift */,
			);
			path = GithubUsers;
			sourceTree = "<group>";
		};
		CF8E356B2A34DD62006EAAD0 /* Preview Content */ = {
			isa = PBXGroup;
			children = (
				CF8E356C2A34DD62006EAAD0 /* Preview Assets.xcassets */,
			);
			path = "Preview Content";
			sourceTree = "<group>";
		};
		CF8E35732A34DF94006EAAD0 /* App */ = {
			isa = PBXGroup;
			children = (
				CF8E35652A34DD61006EAAD0 /* GithubUsersApp.swift */,
			);
			path = App;
			sourceTree = "<group>";
		};
		CF8E35752A34DFB3006EAAD0 /* Model */ = {
			isa = PBXGroup;
			children = (
				CF8E35782A34F17A006EAAD0 /* User.swift */,
				CF8E357F2A356CA2006EAAD0 /* CustomError.swift */,
			);
			path = Model;
			sourceTree = "<group>";
		};
		CF8E35762A34DFBD006EAAD0 /* ViewModel */ = {
			isa = PBXGroup;
			children = (
				CF8E357A2A34F518006EAAD0 /* MainViewModel.swift */,
			);
			path = ViewModel;
			sourceTree = "<group>";
		};
		CF8E35772A34DFCA006EAAD0 /* View */ = {
			isa = PBXGroup;
			children = (
				CF8E357C2A355E23006EAAD0 /* Helpers */,
				CF8E35672A34DD61006EAAD0 /* MainView.swift */,
				CF1EED992A454CD100DAABB7 /* WebView.swift */,
			);
			path = View;
			sourceTree = "<group>";
		};
		CF8E357C2A355E23006EAAD0 /* Helpers */ = {
			isa = PBXGroup;
			children = (
				CF1EED972A45472800DAABB7 /* WebProfileView.swift */,
				CF8E357D2A355E81006EAAD0 /* ProfileRow.swift */,
				CFA99A622A42491100F65070 /* CircleImage.swift */,
			);
			path = Helpers;
			sourceTree = "<group>";
		};
/* End PBXGroup section */

/* Begin PBXNativeTarget section */
		CF8DEFC92B73F2460053930C /* GithubUsersTests */ = {
			isa = PBXNativeTarget;
			buildConfigurationList = CF8DEFD02B73F2460053930C /* Build configuration list for PBXNativeTarget "GithubUsersTests" */;
			buildPhases = (
				CF8DEFC62B73F2460053930C /* Sources */,
				CF8DEFC72B73F2460053930C /* Frameworks */,
				CF8DEFC82B73F2460053930C /* Resources */,
			);
			buildRules = (
			);
			dependencies = (
				CF8DEFCF2B73F2460053930C /* PBXTargetDependency */,
			);
			name = GithubUsersTests;
			productName = GithubUsersTests;
			productReference = CF8DEFCA2B73F2460053930C /* GithubUsersTests.xctest */;
			productType = "com.apple.product-type.bundle.unit-test";
		};
		CF8E35612A34DD61006EAAD0 /* GithubUsers */ = {
			isa = PBXNativeTarget;
			buildConfigurationList = CF8E35702A34DD62006EAAD0 /* Build configuration list for PBXNativeTarget "GithubUsers" */;
			buildPhases = (
				CF8E355E2A34DD61006EAAD0 /* Sources */,
				CF8E355F2A34DD61006EAAD0 /* Frameworks */,
				CF8E35602A34DD61006EAAD0 /* Resources */,
			);
			buildRules = (
			);
			dependencies = (
			);
			name = GithubUsers;
			productName = GithubUsers;
			productReference = CF8E35622A34DD61006EAAD0 /* GithubUsers.app */;
			productType = "com.apple.product-type.application";
		};
/* End PBXNativeTarget section */

/* Begin PBXProject section */
		CF8E355A2A34DD61006EAAD0 /* Project object */ = {
			isa = PBXProject;
			attributes = {
				BuildIndependentTargetsInParallel = 1;
				LastSwiftUpdateCheck = 1510;
				LastUpgradeCheck = 1500;
				TargetAttributes = {
					CF8DEFC92B73F2460053930C = {
						CreatedOnToolsVersion = 15.1;
						TestTargetID = CF8E35612A34DD61006EAAD0;
					};
					CF8E35612A34DD61006EAAD0 = {
						CreatedOnToolsVersion = 15.0;
					};
				};
			};
			buildConfigurationList = CF8E355D2A34DD61006EAAD0 /* Build configuration list for PBXProject "GithubUsers" */;
			compatibilityVersion = "Xcode 14.0";
			developmentRegion = en;
			hasScannedForEncodings = 0;
			knownRegions = (
				en,
				Base,
			);
			mainGroup = CF8E35592A34DD61006EAAD0;
			productRefGroup = CF8E35632A34DD61006EAAD0 /* Products */;
			projectDirPath = "";
			projectRoot = "";
			targets = (
				CF8E35612A34DD61006EAAD0 /* GithubUsers */,
				CF8DEFC92B73F2460053930C /* GithubUsersTests */,
			);
		};
/* End PBXProject section */

/* Begin PBXResourcesBuildPhase section */
		CF8DEFC82B73F2460053930C /* Resources */ = {
			isa = PBXResourcesBuildPhase;
			buildActionMask = 2147483647;
			files = (
			);
			runOnlyForDeploymentPostprocessing = 0;
		};
		CF8E35602A34DD61006EAAD0 /* Resources */ = {
			isa = PBXResourcesBuildPhase;
			buildActionMask = 2147483647;
			files = (
				CF8E356D2A34DD62006EAAD0 /* Preview Assets.xcassets in Resources */,
				CF8E356A2A34DD62006EAAD0 /* Assets.xcassets in Resources */,
			);
			runOnlyForDeploymentPostprocessing = 0;
		};
/* End PBXResourcesBuildPhase section */

/* Begin PBXSourcesBuildPhase section */
		CF8DEFC62B73F2460053930C /* Sources */ = {
			isa = PBXSourcesBuildPhase;
			buildActionMask = 2147483647;
			files = (
				CF8DEFCD2B73F2460053930C /* GithubUsersTests.swift in Sources */,
				CF8DEFD42B73F8F20053930C /* CalculationTests.swift in Sources */,
			);
			runOnlyForDeploymentPostprocessing = 0;
		};
		CF8E355E2A34DD61006EAAD0 /* Sources */ = {
			isa = PBXSourcesBuildPhase;
			buildActionMask = 2147483647;
			files = (
				CF8DEFC52B73DD600053930C /* CalculatorView.swift in Sources */,
				CF30126C2AC31F7500FE8BDF /* Favorites.swift in Sources */,
				CF8E35682A34DD61006EAAD0 /* MainView.swift in Sources */,
				CF1EED9A2A454CD100DAABB7 /* WebView.swift in Sources */,
				CF115C162AD22E19009591D0 /* GithubServices.swift in Sources */,
				CFA99A632A42491100F65070 /* CircleImage.swift in Sources */,
				CF8E357E2A355E81006EAAD0 /* ProfileRow.swift in Sources */,
				CFFFA0152AEDFE740065E49C /* CustomSearchBar.swift in Sources */,
				CF0D87672ABDDACF00F1C217 /* UserDetailModel.swift in Sources */,
				CF1EED982A45472800DAABB7 /* WebProfileView.swift in Sources */,
				CF8E357B2A34F518006EAAD0 /* MainViewModel.swift in Sources */,
				CF8E35662A34DD61006EAAD0 /* GithubUsersApp.swift in Sources */,
				CF976A1E2AC21A8800B5914C /* ProfileDetailView.swift in Sources */,
				CF8E35792A34F17A006EAAD0 /* User.swift in Sources */,
				CF8E35802A356CA2006EAAD0 /* CustomError.swift in Sources */,
				CF3012692AC296E400FE8BDF /* UserInfo.swift in Sources */,
				CF0D87692ABDE0CB00F1C217 /* DetailViewModel.swift in Sources */,
			);
			runOnlyForDeploymentPostprocessing = 0;
		};
/* End PBXSourcesBuildPhase section */

/* Begin PBXTargetDependency section */
		CF8DEFCF2B73F2460053930C /* PBXTargetDependency */ = {
			isa = PBXTargetDependency;
			target = CF8E35612A34DD61006EAAD0 /* GithubUsers */;
			targetProxy = CF8DEFCE2B73F2460053930C /* PBXContainerItemProxy */;
		};
/* End PBXTargetDependency section */

/* Begin XCBuildConfiguration section */
		CF8DEFD12B73F2460053930C /* Debug */ = {
			isa = XCBuildConfiguration;
			buildSettings = {
				BUNDLE_LOADER = "$(TEST_HOST)";
				CODE_SIGN_STYLE = Automatic;
				CURRENT_PROJECT_VERSION = 1;
				DEVELOPMENT_TEAM = ZV39C2HC4G;
				GENERATE_INFOPLIST_FILE = YES;
				IPHONEOS_DEPLOYMENT_TARGET = 17.2;
				MARKETING_VERSION = 1.0;
				PRODUCT_BUNDLE_IDENTIFIER = "github.com-sdguille.GithubUsersTests";
				PRODUCT_NAME = "$(TARGET_NAME)";
				SWIFT_EMIT_LOC_STRINGS = NO;
				SWIFT_VERSION = 5.0;
				TARGETED_DEVICE_FAMILY = "1,2";
				TEST_HOST = "$(BUILT_PRODUCTS_DIR)/GithubUsers.app/$(BUNDLE_EXECUTABLE_FOLDER_PATH)/GithubUsers";
			};
			name = Debug;
		};
		CF8DEFD22B73F2460053930C /* Release */ = {
			isa = XCBuildConfiguration;
			buildSettings = {
				BUNDLE_LOADER = "$(TEST_HOST)";
				CODE_SIGN_STYLE = Automatic;
				CURRENT_PROJECT_VERSION = 1;
				DEVELOPMENT_TEAM = ZV39C2HC4G;
				GENERATE_INFOPLIST_FILE = YES;
				IPHONEOS_DEPLOYMENT_TARGET = 17.2;
				MARKETING_VERSION = 1.0;
				PRODUCT_BUNDLE_IDENTIFIER = "github.com-sdguille.GithubUsersTests";
				PRODUCT_NAME = "$(TARGET_NAME)";
				SWIFT_EMIT_LOC_STRINGS = NO;
				SWIFT_VERSION = 5.0;
				TARGETED_DEVICE_FAMILY = "1,2";
				TEST_HOST = "$(BUILT_PRODUCTS_DIR)/GithubUsers.app/$(BUNDLE_EXECUTABLE_FOLDER_PATH)/GithubUsers";
			};
			name = Release;
		};
		CF8E356E2A34DD62006EAAD0 /* Debug */ = {
			isa = XCBuildConfiguration;
			buildSettings = {
				ALWAYS_SEARCH_USER_PATHS = NO;
				ASSETCATALOG_COMPILER_GENERATE_SWIFT_ASSET_SYMBOL_EXTENSIONS = YES;
				CLANG_ANALYZER_NONNULL = YES;
				CLANG_ANALYZER_NUMBER_OBJECT_CONVERSION = YES_AGGRESSIVE;
				CLANG_CXX_LANGUAGE_STANDARD = "gnu++20";
				CLANG_ENABLE_MODULES = YES;
				CLANG_ENABLE_OBJC_ARC = YES;
				CLANG_ENABLE_OBJC_WEAK = YES;
				CLANG_WARN_BLOCK_CAPTURE_AUTORELEASING = YES;
				CLANG_WARN_BOOL_CONVERSION = YES;
				CLANG_WARN_COMMA = YES;
				CLANG_WARN_CONSTANT_CONVERSION = YES;
				CLANG_WARN_DEPRECATED_OBJC_IMPLEMENTATIONS = YES;
				CLANG_WARN_DIRECT_OBJC_ISA_USAGE = YES_ERROR;
				CLANG_WARN_DOCUMENTATION_COMMENTS = YES;
				CLANG_WARN_EMPTY_BODY = YES;
				CLANG_WARN_ENUM_CONVERSION = YES;
				CLANG_WARN_INFINITE_RECURSION = YES;
				CLANG_WARN_INT_CONVERSION = YES;
				CLANG_WARN_NON_LITERAL_NULL_CONVERSION = YES;
				CLANG_WARN_OBJC_IMPLICIT_RETAIN_SELF = YES;
				CLANG_WARN_OBJC_LITERAL_CONVERSION = YES;
				CLANG_WARN_OBJC_ROOT_CLASS = YES_ERROR;
				CLANG_WARN_QUOTED_INCLUDE_IN_FRAMEWORK_HEADER = YES;
				CLANG_WARN_RANGE_LOOP_ANALYSIS = YES;
				CLANG_WARN_STRICT_PROTOTYPES = YES;
				CLANG_WARN_SUSPICIOUS_MOVE = YES;
				CLANG_WARN_UNGUARDED_AVAILABILITY = YES_AGGRESSIVE;
				CLANG_WARN_UNREACHABLE_CODE = YES;
				CLANG_WARN__DUPLICATE_METHOD_MATCH = YES;
				COPY_PHASE_STRIP = NO;
				DEBUG_INFORMATION_FORMAT = dwarf;
				ENABLE_STRICT_OBJC_MSGSEND = YES;
				ENABLE_TESTABILITY = YES;
				ENABLE_USER_SCRIPT_SANDBOXING = YES;
				GCC_C_LANGUAGE_STANDARD = gnu17;
				GCC_DYNAMIC_NO_PIC = NO;
				GCC_NO_COMMON_BLOCKS = YES;
				GCC_OPTIMIZATION_LEVEL = 0;
				GCC_PREPROCESSOR_DEFINITIONS = (
					"DEBUG=1",
					"$(inherited)",
				);
				GCC_WARN_64_TO_32_BIT_CONVERSION = YES;
				GCC_WARN_ABOUT_RETURN_TYPE = YES_ERROR;
				GCC_WARN_UNDECLARED_SELECTOR = YES;
				GCC_WARN_UNINITIALIZED_AUTOS = YES_AGGRESSIVE;
				GCC_WARN_UNUSED_FUNCTION = YES;
				GCC_WARN_UNUSED_VARIABLE = YES;
				IPHONEOS_DEPLOYMENT_TARGET = 17.0;
				LOCALIZATION_PREFERS_STRING_CATALOGS = YES;
				MTL_ENABLE_DEBUG_INFO = INCLUDE_SOURCE;
				MTL_FAST_MATH = YES;
				ONLY_ACTIVE_ARCH = YES;
				SDKROOT = iphoneos;
				SWIFT_ACTIVE_COMPILATION_CONDITIONS = "DEBUG $(inherited)";
				SWIFT_OPTIMIZATION_LEVEL = "-Onone";
			};
			name = Debug;
		};
		CF8E356F2A34DD62006EAAD0 /* Release */ = {
			isa = XCBuildConfiguration;
			buildSettings = {
				ALWAYS_SEARCH_USER_PATHS = NO;
				ASSETCATALOG_COMPILER_GENERATE_SWIFT_ASSET_SYMBOL_EXTENSIONS = YES;
				CLANG_ANALYZER_NONNULL = YES;
				CLANG_ANALYZER_NUMBER_OBJECT_CONVERSION = YES_AGGRESSIVE;
				CLANG_CXX_LANGUAGE_STANDARD = "gnu++20";
				CLANG_ENABLE_MODULES = YES;
				CLANG_ENABLE_OBJC_ARC = YES;
				CLANG_ENABLE_OBJC_WEAK = YES;
				CLANG_WARN_BLOCK_CAPTURE_AUTORELEASING = YES;
				CLANG_WARN_BOOL_CONVERSION = YES;
				CLANG_WARN_COMMA = YES;
				CLANG_WARN_CONSTANT_CONVERSION = YES;
				CLANG_WARN_DEPRECATED_OBJC_IMPLEMENTATIONS = YES;
				CLANG_WARN_DIRECT_OBJC_ISA_USAGE = YES_ERROR;
				CLANG_WARN_DOCUMENTATION_COMMENTS = YES;
				CLANG_WARN_EMPTY_BODY = YES;
				CLANG_WARN_ENUM_CONVERSION = YES;
				CLANG_WARN_INFINITE_RECURSION = YES;
				CLANG_WARN_INT_CONVERSION = YES;
				CLANG_WARN_NON_LITERAL_NULL_CONVERSION = YES;
				CLANG_WARN_OBJC_IMPLICIT_RETAIN_SELF = YES;
				CLANG_WARN_OBJC_LITERAL_CONVERSION = YES;
				CLANG_WARN_OBJC_ROOT_CLASS = YES_ERROR;
				CLANG_WARN_QUOTED_INCLUDE_IN_FRAMEWORK_HEADER = YES;
				CLANG_WARN_RANGE_LOOP_ANALYSIS = YES;
				CLANG_WARN_STRICT_PROTOTYPES = YES;
				CLANG_WARN_SUSPICIOUS_MOVE = YES;
				CLANG_WARN_UNGUARDED_AVAILABILITY = YES_AGGRESSIVE;
				CLANG_WARN_UNREACHABLE_CODE = YES;
				CLANG_WARN__DUPLICATE_METHOD_MATCH = YES;
				COPY_PHASE_STRIP = NO;
				DEBUG_INFORMATION_FORMAT = "dwarf-with-dsym";
				ENABLE_NS_ASSERTIONS = NO;
				ENABLE_STRICT_OBJC_MSGSEND = YES;
				ENABLE_USER_SCRIPT_SANDBOXING = YES;
				GCC_C_LANGUAGE_STANDARD = gnu17;
				GCC_NO_COMMON_BLOCKS = YES;
				GCC_WARN_64_TO_32_BIT_CONVERSION = YES;
				GCC_WARN_ABOUT_RETURN_TYPE = YES_ERROR;
				GCC_WARN_UNDECLARED_SELECTOR = YES;
				GCC_WARN_UNINITIALIZED_AUTOS = YES_AGGRESSIVE;
				GCC_WARN_UNUSED_FUNCTION = YES;
				GCC_WARN_UNUSED_VARIABLE = YES;
				IPHONEOS_DEPLOYMENT_TARGET = 17.0;
				LOCALIZATION_PREFERS_STRING_CATALOGS = YES;
				MTL_ENABLE_DEBUG_INFO = NO;
				MTL_FAST_MATH = YES;
				SDKROOT = iphoneos;
				SWIFT_COMPILATION_MODE = wholemodule;
				VALIDATE_PRODUCT = YES;
			};
			name = Release;
		};
		CF8E35712A34DD62006EAAD0 /* Debug */ = {
			isa = XCBuildConfiguration;
			buildSettings = {
				ASSETCATALOG_COMPILER_APPICON_NAME = AppIcon;
				ASSETCATALOG_COMPILER_GLOBAL_ACCENT_COLOR_NAME = AccentColor;
				CODE_SIGN_STYLE = Automatic;
				CURRENT_PROJECT_VERSION = 1;
				DEVELOPMENT_ASSET_PATHS = "\"GithubUsers/Preview Content\"";
				DEVELOPMENT_TEAM = ZV39C2HC4G;
				ENABLE_PREVIEWS = YES;
				GENERATE_INFOPLIST_FILE = YES;
				INFOPLIST_KEY_UIApplicationSceneManifest_Generation = YES;
				INFOPLIST_KEY_UIApplicationSupportsIndirectInputEvents = YES;
				INFOPLIST_KEY_UILaunchScreen_Generation = YES;
				INFOPLIST_KEY_UISupportedInterfaceOrientations_iPad = "UIInterfaceOrientationPortrait UIInterfaceOrientationPortraitUpsideDown UIInterfaceOrientationLandscapeLeft UIInterfaceOrientationLandscapeRight";
				INFOPLIST_KEY_UISupportedInterfaceOrientations_iPhone = "UIInterfaceOrientationPortrait UIInterfaceOrientationLandscapeLeft UIInterfaceOrientationLandscapeRight";
				IPHONEOS_DEPLOYMENT_TARGET = 16.0;
				LD_RUNPATH_SEARCH_PATHS = (
					"$(inherited)",
					"@executable_path/Frameworks",
				);
				MARKETING_VERSION = 1.0;
				PRODUCT_BUNDLE_IDENTIFIER = "github.com-sdguille.GithubUsers";
				PRODUCT_NAME = "$(TARGET_NAME)";
				SWIFT_EMIT_LOC_STRINGS = YES;
				SWIFT_VERSION = 5.0;
				TARGETED_DEVICE_FAMILY = "1,2";
			};
			name = Debug;
		};
		CF8E35722A34DD62006EAAD0 /* Release */ = {
			isa = XCBuildConfiguration;
			buildSettings = {
				ASSETCATALOG_COMPILER_APPICON_NAME = AppIcon;
				ASSETCATALOG_COMPILER_GLOBAL_ACCENT_COLOR_NAME = AccentColor;
				CODE_SIGN_STYLE = Automatic;
				CURRENT_PROJECT_VERSION = 1;
				DEVELOPMENT_ASSET_PATHS = "\"GithubUsers/Preview Content\"";
				DEVELOPMENT_TEAM = ZV39C2HC4G;
				ENABLE_PREVIEWS = YES;
				GENERATE_INFOPLIST_FILE = YES;
				INFOPLIST_KEY_UIApplicationSceneManifest_Generation = YES;
				INFOPLIST_KEY_UIApplicationSupportsIndirectInputEvents = YES;
				INFOPLIST_KEY_UILaunchScreen_Generation = YES;
				INFOPLIST_KEY_UISupportedInterfaceOrientations_iPad = "UIInterfaceOrientationPortrait UIInterfaceOrientationPortraitUpsideDown UIInterfaceOrientationLandscapeLeft UIInterfaceOrientationLandscapeRight";
				INFOPLIST_KEY_UISupportedInterfaceOrientations_iPhone = "UIInterfaceOrientationPortrait UIInterfaceOrientationLandscapeLeft UIInterfaceOrientationLandscapeRight";
				IPHONEOS_DEPLOYMENT_TARGET = 16.0;
				LD_RUNPATH_SEARCH_PATHS = (
					"$(inherited)",
					"@executable_path/Frameworks",
				);
				MARKETING_VERSION = 1.0;
				PRODUCT_BUNDLE_IDENTIFIER = "github.com-sdguille.GithubUsers";
				PRODUCT_NAME = "$(TARGET_NAME)";
				SWIFT_EMIT_LOC_STRINGS = YES;
				SWIFT_VERSION = 5.0;
				TARGETED_DEVICE_FAMILY = "1,2";
			};
			name = Release;
		};
/* End XCBuildConfiguration section */

/* Begin XCConfigurationList section */
		CF8DEFD02B73F2460053930C /* Build configuration list for PBXNativeTarget "GithubUsersTests" */ = {
			isa = XCConfigurationList;
			buildConfigurations = (
				CF8DEFD12B73F2460053930C /* Debug */,
				CF8DEFD22B73F2460053930C /* Release */,
			);
			defaultConfigurationIsVisible = 0;
			defaultConfigurationName = Release;
		};
		CF8E355D2A34DD61006EAAD0 /* Build configuration list for PBXProject "GithubUsers" */ = {
			isa = XCConfigurationList;
			buildConfigurations = (
				CF8E356E2A34DD62006EAAD0 /* Debug */,
				CF8E356F2A34DD62006EAAD0 /* Release */,
			);
			defaultConfigurationIsVisible = 0;
			defaultConfigurationName = Release;
		};
		CF8E35702A34DD62006EAAD0 /* Build configuration list for PBXNativeTarget "GithubUsers" */ = {
			isa = XCConfigurationList;
			buildConfigurations = (
				CF8E35712A34DD62006EAAD0 /* Debug */,
				CF8E35722A34DD62006EAAD0 /* Release */,
			);
			defaultConfigurationIsVisible = 0;
			defaultConfigurationName = Release;
		};
/* End XCConfigurationList section */
	};
	rootObject = CF8E355A2A34DD61006EAAD0 /* Project object */;
}
